
Microsoft Visual Studio Solution File, Format Version 12.00
# Visual Studio 15
VisualStudioVersion = 15.0.28010.2036
MinimumVisualStudioVersion = 10.0.40219.1
Project("{FAE04EC0-301F-11D3-BF4B-00C04F79EFBC}") = "WorkingWithVisualStudio", "WorkingWithVisualStudio\WorkingWithVisualStudio.csproj", "{07D233E8-A8E9-4C86-A9B4-67C7B6F32F1C}"
EndProject
Global
	GlobalSection(SolutionConfigurationPlatforms) = preSolution
		Debug|Any CPU = Debug|Any CPU
		Release|Any CPU = Release|Any CPU
	EndGlobalSection
	GlobalSection(ProjectConfigurationPlatforms) = postSolution
		{07D233E8-A8E9-4C86-A9B4-67C7B6F32F1C}.Debug|Any CPU.ActiveCfg = Debug|Any CPU
		{07D233E8-A8E9-4C86-A9B4-67C7B6F32F1C}.Debug|Any CPU.Build.0 = Debug|Any CPU
		{07D233E8-A8E9-4C86-A9B4-67C7B6F32F1C}.Release|Any CPU.ActiveCfg = Release|Any CPU
		{07D233E8-A8E9-4C86-A9B4-67C7B6F32F1C}.Release|Any CPU.Build.0 = Release|Any CPU
	EndGlobalSection
	GlobalSection(SolutionProperties) = preSolution
		HideSolutionNode = FALSE
	EndGlobalSection
	GlobalSection(ExtensibilityGlobals) = postSolution
		SolutionGuid = {D21A1835-2BBE-4671-830B-A7629E2DC9C5}
	EndGlobalSection
EndGlobal
