
Microsoft Visual Studio Solution File, Format Version 12.00
# Visual Studio 15
VisualStudioVersion = 15.0.28010.2036
MinimumVisualStudioVersion = 10.0.40219.1
Project("{FAE04EC0-301F-11D3-BF4B-00C04F79EFBC}") = "BinaryTree", "BinaryTree\BinaryTree.csproj", "{F831C81C-C184-4346-A720-C1089A468D1F}"
EndProject
Project("{FAE04EC0-301F-11D3-BF4B-00C04F79EFBC}") = "BinaryTreeTest", "BinaryTreeTest\BinaryTreeTest.csproj", "{B424701C-28AA-426B-AFB5-C5CF80CE5197}"
EndProject
Global
	GlobalSection(SolutionConfigurationPlatforms) = preSolution
		Debug|Any CPU = Debug|Any CPU
		Release|Any CPU = Release|Any CPU
	EndGlobalSection
	GlobalSection(ProjectConfigurationPlatforms) = postSolution
		{F831C81C-C184-4346-A720-C1089A468D1F}.Debug|Any CPU.ActiveCfg = Debug|Any CPU
		{F831C81C-C184-4346-A720-C1089A468D1F}.Debug|Any CPU.Build.0 = Debug|Any CPU
		{F831C81C-C184-4346-A720-C1089A468D1F}.Release|Any CPU.ActiveCfg = Release|Any CPU
		{F831C81C-C184-4346-A720-C1089A468D1F}.Release|Any CPU.Build.0 = Release|Any CPU
		{B424701C-28AA-426B-AFB5-C5CF80CE5197}.Debug|Any CPU.ActiveCfg = Debug|Any CPU
		{B424701C-28AA-426B-AFB5-C5CF80CE5197}.Debug|Any CPU.Build.0 = Debug|Any CPU
		{B424701C-28AA-426B-AFB5-C5CF80CE5197}.Release|Any CPU.ActiveCfg = Release|Any CPU
		{B424701C-28AA-426B-AFB5-C5CF80CE5197}.Release|Any CPU.Build.0 = Release|Any CPU
	EndGlobalSection
	GlobalSection(SolutionProperties) = preSolution
		HideSolutionNode = FALSE
	EndGlobalSection
	GlobalSection(ExtensibilityGlobals) = postSolution
		SolutionGuid = {AF0A4C77-C262-4A2F-9EB3-A42DB155E201}
	EndGlobalSection
EndGlobal
